
Microsoft Visual Studio Solution File, Format Version 12.00
# Visual Studio 15
VisualStudioVersion = 15.0.28307.960
MinimumVisualStudioVersion = 10.0.40219.1
Project("{8BC9CEB8-8B4A-11D0-8D11-00A0C91BC942}") = "challenge-12", "challenge-12.vcxproj", "{AEDD31A6-1421-4A35-A2EF-F069DD68A958}"
EndProject
Global
	GlobalSection(SolutionConfigurationPlatforms) = preSolution
		Debug|x64 = Debug|x64
		Debug|x86 = Debug|x86
		Release|x64 = Release|x64
		Release|x86 = Release|x86
	EndGlobalSection
	GlobalSection(ProjectConfigurationPlatforms) = postSolution
		{AEDD31A6-1421-4A35-A2EF-F069DD68A958}.Debug|x64.ActiveCfg = Debug|x64
		{AEDD31A6-1421-4A35-A2EF-F069DD68A958}.Debug|x64.Build.0 = Debug|x64
		{AEDD31A6-1421-4A35-A2EF-F069DD68A958}.Debug|x86.ActiveCfg = Debug|Win32
		{AEDD31A6-1421-4A35-A2EF-F069DD68A958}.Debug|x86.Build.0 = Debug|Win32
		{AEDD31A6-1421-4A35-A2EF-F069DD68A958}.Release|x64.ActiveCfg = Release|x64
		{AEDD31A6-1421-4A35-A2EF-F069DD68A958}.Release|x64.Build.0 = Release|x64
		{AEDD31A6-1421-4A35-A2EF-F069DD68A958}.Release|x86.ActiveCfg = Release|Win32
		{AEDD31A6-1421-4A35-A2EF-F069DD68A958}.Release|x86.Build.0 = Release|Win32
	EndGlobalSection
	GlobalSection(SolutionProperties) = preSolution
		HideSolutionNode = FALSE
	EndGlobalSection
	GlobalSection(ExtensibilityGlobals) = postSolution
		SolutionGuid = {048C63DB-AF10-4CB6-8558-46226F5AADE5}
	EndGlobalSection
EndGlobal
