
Microsoft Visual Studio Solution File, Format Version 12.00
# Visual Studio 15
VisualStudioVersion = 15.0.28307.1169
MinimumVisualStudioVersion = 10.0.40219.1
Project("{8BC9CEB8-8B4A-11D0-8D11-00A0C91BC942}") = "challenge-04", "challenge-04\challenge-04.vcxproj", "{D83AF681-8298-4DDA-9005-283851048658}"
EndProject
Project("{8BC9CEB8-8B4A-11D0-8D11-00A0C91BC942}") = "challenge-03", "..\challenge-03\challenge-03\challenge-03.vcxproj", "{17438D1A-2A11-4BB6-B92B-D75E31BBB1CA}"
EndProject
Global
	GlobalSection(SolutionConfigurationPlatforms) = preSolution
		Debug|x64 = Debug|x64
		Debug|x86 = Debug|x86
		Release|x64 = Release|x64
		Release|x86 = Release|x86
	EndGlobalSection
	GlobalSection(ProjectConfigurationPlatforms) = postSolution
		{D83AF681-8298-4DDA-9005-283851048658}.Debug|x64.ActiveCfg = Debug|x64
		{D83AF681-8298-4DDA-9005-283851048658}.Debug|x64.Build.0 = Debug|x64
		{D83AF681-8298-4DDA-9005-283851048658}.Debug|x86.ActiveCfg = Debug|Win32
		{D83AF681-8298-4DDA-9005-283851048658}.Debug|x86.Build.0 = Debug|Win32
		{D83AF681-8298-4DDA-9005-283851048658}.Release|x64.ActiveCfg = Release|x64
		{D83AF681-8298-4DDA-9005-283851048658}.Release|x64.Build.0 = Release|x64
		{D83AF681-8298-4DDA-9005-283851048658}.Release|x86.ActiveCfg = Release|Win32
		{D83AF681-8298-4DDA-9005-283851048658}.Release|x86.Build.0 = Release|Win32
		{17438D1A-2A11-4BB6-B92B-D75E31BBB1CA}.Debug|x64.ActiveCfg = Debug|x64
		{17438D1A-2A11-4BB6-B92B-D75E31BBB1CA}.Debug|x64.Build.0 = Debug|x64
		{17438D1A-2A11-4BB6-B92B-D75E31BBB1CA}.Debug|x86.ActiveCfg = Debug|Win32
		{17438D1A-2A11-4BB6-B92B-D75E31BBB1CA}.Debug|x86.Build.0 = Debug|Win32
		{17438D1A-2A11-4BB6-B92B-D75E31BBB1CA}.Release|x64.ActiveCfg = Release|x64
		{17438D1A-2A11-4BB6-B92B-D75E31BBB1CA}.Release|x64.Build.0 = Release|x64
		{17438D1A-2A11-4BB6-B92B-D75E31BBB1CA}.Release|x86.ActiveCfg = Release|Win32
		{17438D1A-2A11-4BB6-B92B-D75E31BBB1CA}.Release|x86.Build.0 = Release|Win32
	EndGlobalSection
	GlobalSection(SolutionProperties) = preSolution
		HideSolutionNode = FALSE
	EndGlobalSection
	GlobalSection(ExtensibilityGlobals) = postSolution
		SolutionGuid = {E38F147D-1468-44B4-B7FE-174E3ED0D140}
	EndGlobalSection
EndGlobal
