<?xml version="1.0" encoding="utf-8"?>
<Project ToolsVersion="4.0" xmlns="http://schemas.microsoft.com/developer/msbuild/2003">
  <ItemGroup>
    <ClCompile Include="TestPkcs7Padder.cpp" />
    <ClCompile Include="TestAesEcbCipher.cpp" />
    <ClCompile Include="..\cryptoWrapper\AesEcbCipher.cpp">
      <Filter>Dependencies</Filter>
    </ClCompile>
    <ClCompile Include="..\cryptoWrapper\Pkcs7Padder.cpp">
      <Filter>Dependencies</Filter>
    </ClCompile>
  </ItemGroup>
  <ItemGroup>
    <Filter Include="Dependencies">
      <UniqueIdentifier>{7d06b936-8df1-4266-b62b-ba6a4688ed72}</UniqueIdentifier>
    </Filter>
  </ItemGroup>
  <ItemGroup>
    <None Include="packages.config" />
  </ItemGroup>
  <ItemGroup>
    <ClInclude Include="..\cryptoWrapper\AesEcbCipher.h">
      <Filter>Dependencies</Filter>
    </ClInclude>
    <ClInclude Include="..\cryptoWrapper\Buffer.h">
      <Filter>Dependencies</Filter>
    </ClInclude>
    <ClInclude Include="..\cryptoWrapper\ICipher.h">
      <Filter>Dependencies</Filter>
    </ClInclude>
    <ClInclude Include="..\cryptoWrapper\IPadder.h">
      <Filter>Dependencies</Filter>
    </ClInclude>
    <ClInclude Include="..\cryptoWrapper\Pkcs7Padder.h">
      <Filter>Dependencies</Filter>
    </ClInclude>
  </ItemGroup>
</Project>