
Microsoft Visual Studio Solution File, Format Version 12.00
# Visual Studio 15
VisualStudioVersion = 15.0.28307.852
MinimumVisualStudioVersion = 10.0.40219.1
Project("{8BC9CEB8-8B4A-11D0-8D11-00A0C91BC942}") = "challenge-11", "challenge-11\challenge-11.vcxproj", "{3416915E-DB52-48B6-B5F5-FA295C2B2DEC}"
EndProject
Project("{8BC9CEB8-8B4A-11D0-8D11-00A0C91BC942}") = "test-challenge-11", "test-challenge-11\test-challenge-11.vcxproj", "{7758ED20-CE32-4AEC-B67F-5723D920EF7F}"
EndProject
Global
	GlobalSection(SolutionConfigurationPlatforms) = preSolution
		Debug|x64 = Debug|x64
		Debug|x86 = Debug|x86
		Release|x64 = Release|x64
		Release|x86 = Release|x86
	EndGlobalSection
	GlobalSection(ProjectConfigurationPlatforms) = postSolution
		{3416915E-DB52-48B6-B5F5-FA295C2B2DEC}.Debug|x64.ActiveCfg = Debug|x64
		{3416915E-DB52-48B6-B5F5-FA295C2B2DEC}.Debug|x64.Build.0 = Debug|x64
		{3416915E-DB52-48B6-B5F5-FA295C2B2DEC}.Debug|x86.ActiveCfg = Debug|Win32
		{3416915E-DB52-48B6-B5F5-FA295C2B2DEC}.Debug|x86.Build.0 = Debug|Win32
		{3416915E-DB52-48B6-B5F5-FA295C2B2DEC}.Release|x64.ActiveCfg = Release|x64
		{3416915E-DB52-48B6-B5F5-FA295C2B2DEC}.Release|x64.Build.0 = Release|x64
		{3416915E-DB52-48B6-B5F5-FA295C2B2DEC}.Release|x86.ActiveCfg = Release|Win32
		{3416915E-DB52-48B6-B5F5-FA295C2B2DEC}.Release|x86.Build.0 = Release|Win32
		{7758ED20-CE32-4AEC-B67F-5723D920EF7F}.Debug|x64.ActiveCfg = Debug|x64
		{7758ED20-CE32-4AEC-B67F-5723D920EF7F}.Debug|x64.Build.0 = Debug|x64
		{7758ED20-CE32-4AEC-B67F-5723D920EF7F}.Debug|x86.ActiveCfg = Debug|Win32
		{7758ED20-CE32-4AEC-B67F-5723D920EF7F}.Debug|x86.Build.0 = Debug|Win32
		{7758ED20-CE32-4AEC-B67F-5723D920EF7F}.Release|x64.ActiveCfg = Release|x64
		{7758ED20-CE32-4AEC-B67F-5723D920EF7F}.Release|x64.Build.0 = Release|x64
		{7758ED20-CE32-4AEC-B67F-5723D920EF7F}.Release|x86.ActiveCfg = Release|Win32
		{7758ED20-CE32-4AEC-B67F-5723D920EF7F}.Release|x86.Build.0 = Release|Win32
	EndGlobalSection
	GlobalSection(SolutionProperties) = preSolution
		HideSolutionNode = FALSE
	EndGlobalSection
	GlobalSection(ExtensibilityGlobals) = postSolution
		SolutionGuid = {49D48971-6CCB-44F3-9628-1F595538D28E}
	EndGlobalSection
EndGlobal
