
Microsoft Visual Studio Solution File, Format Version 12.00
# Visual Studio 15
VisualStudioVersion = 15.0.28307.1000
MinimumVisualStudioVersion = 10.0.40219.1
Project("{8BC9CEB8-8B4A-11D0-8D11-00A0C91BC942}") = "challenge-13", "challenge-13\challenge-13.vcxproj", "{FA82C091-F4D1-4476-9032-B01AD9636102}"
EndProject
Project("{8BC9CEB8-8B4A-11D0-8D11-00A0C91BC942}") = "cryptlib", "..\Cryptopp\cryptlib.vcxproj", "{C39F4B46-6E89-4074-902E-CA57073044D2}"
EndProject
Project("{8BC9CEB8-8B4A-11D0-8D11-00A0C91BC942}") = "cryptoWrapper", "..\cryptoWrapper\cryptoWrapper\cryptoWrapper.vcxproj", "{9A6F5EDA-87F4-488C-B932-09ED0C92452E}"
EndProject
Project("{8BC9CEB8-8B4A-11D0-8D11-00A0C91BC942}") = "challenge-13-test", "challenge-13-test\challenge-13-test.vcxproj", "{5BAD0E31-A946-4E02-A4F5-6B26818216A2}"
EndProject
Global
	GlobalSection(SolutionConfigurationPlatforms) = preSolution
		Debug|x64 = Debug|x64
		Debug|x86 = Debug|x86
		DLL-Import Debug|x64 = DLL-Import Debug|x64
		DLL-Import Debug|x86 = DLL-Import Debug|x86
		DLL-Import Release|x64 = DLL-Import Release|x64
		DLL-Import Release|x86 = DLL-Import Release|x86
		Release|x64 = Release|x64
		Release|x86 = Release|x86
	EndGlobalSection
	GlobalSection(ProjectConfigurationPlatforms) = postSolution
		{FA82C091-F4D1-4476-9032-B01AD9636102}.Debug|x64.ActiveCfg = Debug|x64
		{FA82C091-F4D1-4476-9032-B01AD9636102}.Debug|x64.Build.0 = Debug|x64
		{FA82C091-F4D1-4476-9032-B01AD9636102}.Debug|x86.ActiveCfg = Debug|x64
		{FA82C091-F4D1-4476-9032-B01AD9636102}.Debug|x86.Build.0 = Debug|x64
		{FA82C091-F4D1-4476-9032-B01AD9636102}.DLL-Import Debug|x64.ActiveCfg = Debug|x64
		{FA82C091-F4D1-4476-9032-B01AD9636102}.DLL-Import Debug|x64.Build.0 = Debug|x64
		{FA82C091-F4D1-4476-9032-B01AD9636102}.DLL-Import Debug|x86.ActiveCfg = Debug|Win32
		{FA82C091-F4D1-4476-9032-B01AD9636102}.DLL-Import Debug|x86.Build.0 = Debug|Win32
		{FA82C091-F4D1-4476-9032-B01AD9636102}.DLL-Import Release|x64.ActiveCfg = Release|x64
		{FA82C091-F4D1-4476-9032-B01AD9636102}.DLL-Import Release|x64.Build.0 = Release|x64
		{FA82C091-F4D1-4476-9032-B01AD9636102}.DLL-Import Release|x86.ActiveCfg = Release|Win32
		{FA82C091-F4D1-4476-9032-B01AD9636102}.DLL-Import Release|x86.Build.0 = Release|Win32
		{FA82C091-F4D1-4476-9032-B01AD9636102}.Release|x64.ActiveCfg = Release|x64
		{FA82C091-F4D1-4476-9032-B01AD9636102}.Release|x64.Build.0 = Release|x64
		{FA82C091-F4D1-4476-9032-B01AD9636102}.Release|x86.ActiveCfg = Release|Win32
		{FA82C091-F4D1-4476-9032-B01AD9636102}.Release|x86.Build.0 = Release|Win32
		{C39F4B46-6E89-4074-902E-CA57073044D2}.Debug|x64.ActiveCfg = Debug|x64
		{C39F4B46-6E89-4074-902E-CA57073044D2}.Debug|x64.Build.0 = Debug|x64
		{C39F4B46-6E89-4074-902E-CA57073044D2}.Debug|x86.ActiveCfg = Debug|x64
		{C39F4B46-6E89-4074-902E-CA57073044D2}.Debug|x86.Build.0 = Debug|x64
		{C39F4B46-6E89-4074-902E-CA57073044D2}.DLL-Import Debug|x64.ActiveCfg = DLL-Import Debug|x64
		{C39F4B46-6E89-4074-902E-CA57073044D2}.DLL-Import Debug|x64.Build.0 = DLL-Import Debug|x64
		{C39F4B46-6E89-4074-902E-CA57073044D2}.DLL-Import Debug|x86.ActiveCfg = DLL-Import Debug|Win32
		{C39F4B46-6E89-4074-902E-CA57073044D2}.DLL-Import Debug|x86.Build.0 = DLL-Import Debug|Win32
		{C39F4B46-6E89-4074-902E-CA57073044D2}.DLL-Import Release|x64.ActiveCfg = DLL-Import Release|x64
		{C39F4B46-6E89-4074-902E-CA57073044D2}.DLL-Import Release|x64.Build.0 = DLL-Import Release|x64
		{C39F4B46-6E89-4074-902E-CA57073044D2}.DLL-Import Release|x86.ActiveCfg = DLL-Import Release|Win32
		{C39F4B46-6E89-4074-902E-CA57073044D2}.DLL-Import Release|x86.Build.0 = DLL-Import Release|Win32
		{C39F4B46-6E89-4074-902E-CA57073044D2}.Release|x64.ActiveCfg = Release|x64
		{C39F4B46-6E89-4074-902E-CA57073044D2}.Release|x64.Build.0 = Release|x64
		{C39F4B46-6E89-4074-902E-CA57073044D2}.Release|x86.ActiveCfg = Release|Win32
		{C39F4B46-6E89-4074-902E-CA57073044D2}.Release|x86.Build.0 = Release|Win32
		{9A6F5EDA-87F4-488C-B932-09ED0C92452E}.Debug|x64.ActiveCfg = Debug|x64
		{9A6F5EDA-87F4-488C-B932-09ED0C92452E}.Debug|x64.Build.0 = Debug|x64
		{9A6F5EDA-87F4-488C-B932-09ED0C92452E}.Debug|x86.ActiveCfg = Debug|x64
		{9A6F5EDA-87F4-488C-B932-09ED0C92452E}.Debug|x86.Build.0 = Debug|x64
		{9A6F5EDA-87F4-488C-B932-09ED0C92452E}.DLL-Import Debug|x64.ActiveCfg = Debug|x64
		{9A6F5EDA-87F4-488C-B932-09ED0C92452E}.DLL-Import Debug|x64.Build.0 = Debug|x64
		{9A6F5EDA-87F4-488C-B932-09ED0C92452E}.DLL-Import Debug|x86.ActiveCfg = Debug|Win32
		{9A6F5EDA-87F4-488C-B932-09ED0C92452E}.DLL-Import Debug|x86.Build.0 = Debug|Win32
		{9A6F5EDA-87F4-488C-B932-09ED0C92452E}.DLL-Import Release|x64.ActiveCfg = Release|x64
		{9A6F5EDA-87F4-488C-B932-09ED0C92452E}.DLL-Import Release|x64.Build.0 = Release|x64
		{9A6F5EDA-87F4-488C-B932-09ED0C92452E}.DLL-Import Release|x86.ActiveCfg = Release|Win32
		{9A6F5EDA-87F4-488C-B932-09ED0C92452E}.DLL-Import Release|x86.Build.0 = Release|Win32
		{9A6F5EDA-87F4-488C-B932-09ED0C92452E}.Release|x64.ActiveCfg = Release|x64
		{9A6F5EDA-87F4-488C-B932-09ED0C92452E}.Release|x64.Build.0 = Release|x64
		{9A6F5EDA-87F4-488C-B932-09ED0C92452E}.Release|x86.ActiveCfg = Release|Win32
		{9A6F5EDA-87F4-488C-B932-09ED0C92452E}.Release|x86.Build.0 = Release|Win32
		{5BAD0E31-A946-4E02-A4F5-6B26818216A2}.Debug|x64.ActiveCfg = Debug|x64
		{5BAD0E31-A946-4E02-A4F5-6B26818216A2}.Debug|x64.Build.0 = Debug|x64
		{5BAD0E31-A946-4E02-A4F5-6B26818216A2}.Debug|x86.ActiveCfg = Debug|Win32
		{5BAD0E31-A946-4E02-A4F5-6B26818216A2}.Debug|x86.Build.0 = Debug|Win32
		{5BAD0E31-A946-4E02-A4F5-6B26818216A2}.DLL-Import Debug|x64.ActiveCfg = Debug|x64
		{5BAD0E31-A946-4E02-A4F5-6B26818216A2}.DLL-Import Debug|x64.Build.0 = Debug|x64
		{5BAD0E31-A946-4E02-A4F5-6B26818216A2}.DLL-Import Debug|x86.ActiveCfg = Debug|Win32
		{5BAD0E31-A946-4E02-A4F5-6B26818216A2}.DLL-Import Debug|x86.Build.0 = Debug|Win32
		{5BAD0E31-A946-4E02-A4F5-6B26818216A2}.DLL-Import Release|x64.ActiveCfg = Release|x64
		{5BAD0E31-A946-4E02-A4F5-6B26818216A2}.DLL-Import Release|x64.Build.0 = Release|x64
		{5BAD0E31-A946-4E02-A4F5-6B26818216A2}.DLL-Import Release|x86.ActiveCfg = Release|Win32
		{5BAD0E31-A946-4E02-A4F5-6B26818216A2}.DLL-Import Release|x86.Build.0 = Release|Win32
		{5BAD0E31-A946-4E02-A4F5-6B26818216A2}.Release|x64.ActiveCfg = Release|x64
		{5BAD0E31-A946-4E02-A4F5-6B26818216A2}.Release|x64.Build.0 = Release|x64
		{5BAD0E31-A946-4E02-A4F5-6B26818216A2}.Release|x86.ActiveCfg = Release|Win32
		{5BAD0E31-A946-4E02-A4F5-6B26818216A2}.Release|x86.Build.0 = Release|Win32
	EndGlobalSection
	GlobalSection(SolutionProperties) = preSolution
		HideSolutionNode = FALSE
	EndGlobalSection
	GlobalSection(ExtensibilityGlobals) = postSolution
		SolutionGuid = {A4FBC659-5D59-4F26-93F2-31FAECE765FD}
	EndGlobalSection
EndGlobal
